
Microsoft Visual Studio Solution File, Format Version 12.00
# Visual Studio Version 17
VisualStudioVersion = 17.3.32825.248
MinimumVisualStudioVersion = 10.0.40219.1
Project("{FAE04EC0-301F-11D3-BF4B-00C04F79EFBC}") = "EvaluandoUnaFormulaGigante", "EvaluandoUnaFormulaGigante\EvaluandoUnaFormulaGigante.csproj", "{07BA0828-77AB-4F65-80CF-945403ECBBB8}"
EndProject
Global
	GlobalSection(SolutionConfigurationPlatforms) = preSolution
		Debug|Any CPU = Debug|Any CPU
		Release|Any CPU = Release|Any CPU
	EndGlobalSection
	GlobalSection(ProjectConfigurationPlatforms) = postSolution
		{07BA0828-77AB-4F65-80CF-945403ECBBB8}.Debug|Any CPU.ActiveCfg = Debug|Any CPU
		{07BA0828-77AB-4F65-80CF-945403ECBBB8}.Debug|Any CPU.Build.0 = Debug|Any CPU
		{07BA0828-77AB-4F65-80CF-945403ECBBB8}.Release|Any CPU.ActiveCfg = Release|Any CPU
		{07BA0828-77AB-4F65-80CF-945403ECBBB8}.Release|Any CPU.Build.0 = Release|Any CPU
	EndGlobalSection
	GlobalSection(SolutionProperties) = preSolution
		HideSolutionNode = FALSE
	EndGlobalSection
	GlobalSection(ExtensibilityGlobals) = postSolution
		SolutionGuid = {BC9FE542-AC58-4112-A862-21A005B76B02}
	EndGlobalSection
EndGlobal
